
Microsoft Visual Studio Solution File, Format Version 12.00
# Visual Studio Version 16
VisualStudioVersion = 16.0.31025.194
MinimumVisualStudioVersion = 10.0.40219.1
Project("{FAE04EC0-301F-11D3-BF4B-00C04F79EFBC}") = "PL", "PL\PL.csproj", "{A0DFBE2C-586E-46A6-B397-786DDDC404CC}"
EndProject
Project("{FAE04EC0-301F-11D3-BF4B-00C04F79EFBC}") = "BLL", "BLL\BLL.csproj", "{AC63879A-9017-471A-B104-D8766A3C5390}"
EndProject
Project("{FAE04EC0-301F-11D3-BF4B-00C04F79EFBC}") = "DAL", "DAL\DAL.csproj", "{46B71F99-08D6-4304-B9B0-0E01A273FEBB}"
EndProject
Global
	GlobalSection(SolutionConfigurationPlatforms) = preSolution
		Debug|Any CPU = Debug|Any CPU
		Release|Any CPU = Release|Any CPU
	EndGlobalSection
	GlobalSection(ProjectConfigurationPlatforms) = postSolution
		{A0DFBE2C-586E-46A6-B397-786DDDC404CC}.Debug|Any CPU.ActiveCfg = Debug|Any CPU
		{A0DFBE2C-586E-46A6-B397-786DDDC404CC}.Debug|Any CPU.Build.0 = Debug|Any CPU
		{A0DFBE2C-586E-46A6-B397-786DDDC404CC}.Release|Any CPU.ActiveCfg = Release|Any CPU
		{A0DFBE2C-586E-46A6-B397-786DDDC404CC}.Release|Any CPU.Build.0 = Release|Any CPU
		{AC63879A-9017-471A-B104-D8766A3C5390}.Debug|Any CPU.ActiveCfg = Debug|Any CPU
		{AC63879A-9017-471A-B104-D8766A3C5390}.Debug|Any CPU.Build.0 = Debug|Any CPU
		{AC63879A-9017-471A-B104-D8766A3C5390}.Release|Any CPU.ActiveCfg = Release|Any CPU
		{AC63879A-9017-471A-B104-D8766A3C5390}.Release|Any CPU.Build.0 = Release|Any CPU
		{46B71F99-08D6-4304-B9B0-0E01A273FEBB}.Debug|Any CPU.ActiveCfg = Debug|Any CPU
		{46B71F99-08D6-4304-B9B0-0E01A273FEBB}.Debug|Any CPU.Build.0 = Debug|Any CPU
		{46B71F99-08D6-4304-B9B0-0E01A273FEBB}.Release|Any CPU.ActiveCfg = Release|Any CPU
		{46B71F99-08D6-4304-B9B0-0E01A273FEBB}.Release|Any CPU.Build.0 = Release|Any CPU
	EndGlobalSection
	GlobalSection(SolutionProperties) = preSolution
		HideSolutionNode = FALSE
	EndGlobalSection
	GlobalSection(ExtensibilityGlobals) = postSolution
		SolutionGuid = {D0103AA6-1120-4AE7-A74E-4FC37B945C85}
	EndGlobalSection
EndGlobal
